
Microsoft Visual Studio Solution File, Format Version 12.00
# Visual Studio 14
VisualStudioVersion = 14.0.25420.1
MinimumVisualStudioVersion = 10.0.40219.1
Project("{FAE04EC0-301F-11D3-BF4B-00C04F79EFBC}") = "MapWinFormsApplication", "MapWinFormsApplication\MapWinFormsApplication.csproj", "{983D0740-1806-4168-AB34-D16F8997B1E5}"
	ProjectSection(ProjectDependencies) = postProject
		{A2CD9239-FD86-45F8-88A6-8DA6F9774A96} = {A2CD9239-FD86-45F8-88A6-8DA6F9774A96}
	EndProjectSection
EndProject
Project("{FAE04EC0-301F-11D3-BF4B-00C04F79EFBC}") = "DALClassLibrary", "DALClassLibrary\DALClassLibrary.csproj", "{535731E4-005B-4631-9C3A-2221A401CBC1}"
EndProject
Project("{FAE04EC0-301F-11D3-BF4B-00C04F79EFBC}") = "WebApplication", "WebApplication\WebApplication.csproj", "{A2CD9239-FD86-45F8-88A6-8DA6F9774A96}"
EndProject
Global
	GlobalSection(SolutionConfigurationPlatforms) = preSolution
		Debug|Any CPU = Debug|Any CPU
		Release|Any CPU = Release|Any CPU
	EndGlobalSection
	GlobalSection(ProjectConfigurationPlatforms) = postSolution
		{983D0740-1806-4168-AB34-D16F8997B1E5}.Debug|Any CPU.ActiveCfg = Debug|Any CPU
		{983D0740-1806-4168-AB34-D16F8997B1E5}.Debug|Any CPU.Build.0 = Debug|Any CPU
		{983D0740-1806-4168-AB34-D16F8997B1E5}.Release|Any CPU.ActiveCfg = Release|Any CPU
		{983D0740-1806-4168-AB34-D16F8997B1E5}.Release|Any CPU.Build.0 = Release|Any CPU
		{535731E4-005B-4631-9C3A-2221A401CBC1}.Debug|Any CPU.ActiveCfg = Debug|Any CPU
		{535731E4-005B-4631-9C3A-2221A401CBC1}.Debug|Any CPU.Build.0 = Debug|Any CPU
		{535731E4-005B-4631-9C3A-2221A401CBC1}.Release|Any CPU.ActiveCfg = Release|Any CPU
		{535731E4-005B-4631-9C3A-2221A401CBC1}.Release|Any CPU.Build.0 = Release|Any CPU
		{A2CD9239-FD86-45F8-88A6-8DA6F9774A96}.Debug|Any CPU.ActiveCfg = Debug|Any CPU
		{A2CD9239-FD86-45F8-88A6-8DA6F9774A96}.Debug|Any CPU.Build.0 = Debug|Any CPU
		{A2CD9239-FD86-45F8-88A6-8DA6F9774A96}.Release|Any CPU.ActiveCfg = Release|Any CPU
		{A2CD9239-FD86-45F8-88A6-8DA6F9774A96}.Release|Any CPU.Build.0 = Release|Any CPU
	EndGlobalSection
	GlobalSection(SolutionProperties) = preSolution
		HideSolutionNode = FALSE
	EndGlobalSection
EndGlobal
